
Microsoft Visual Studio Solution File, Format Version 12.00
# Visual Studio Version 16
VisualStudioVersion = 16.0.29926.136
MinimumVisualStudioVersion = 10.0.40219.1
Project("{FAE04EC0-301F-11D3-BF4B-00C04F79EFBC}") = "MonitorizareAngajati", "MonitorizareAngajati\MonitorizareAngajati.csproj", "{34A5AD25-42DA-406B-B472-21F2671CBF9F}"
EndProject
Global
	GlobalSection(SolutionConfigurationPlatforms) = preSolution
		Debug|Any CPU = Debug|Any CPU
		Release|Any CPU = Release|Any CPU
	EndGlobalSection
	GlobalSection(ProjectConfigurationPlatforms) = postSolution
		{34A5AD25-42DA-406B-B472-21F2671CBF9F}.Debug|Any CPU.ActiveCfg = Debug|Any CPU
		{34A5AD25-42DA-406B-B472-21F2671CBF9F}.Debug|Any CPU.Build.0 = Debug|Any CPU
		{34A5AD25-42DA-406B-B472-21F2671CBF9F}.Release|Any CPU.ActiveCfg = Release|Any CPU
		{34A5AD25-42DA-406B-B472-21F2671CBF9F}.Release|Any CPU.Build.0 = Release|Any CPU
	EndGlobalSection
	GlobalSection(SolutionProperties) = preSolution
		HideSolutionNode = FALSE
	EndGlobalSection
	GlobalSection(ExtensibilityGlobals) = postSolution
		SolutionGuid = {3605308D-63F1-484C-B32B-B6B58352FB1C}
	EndGlobalSection
EndGlobal
